
Microsoft Visual Studio Solution File, Format Version 12.00
# Visual Studio Version 17
VisualStudioVersion = 17.4.33205.214
MinimumVisualStudioVersion = 10.0.40219.1
Project("{9A19103F-16F7-4668-BE54-9A1E7A4F7556}") = "UserDataValidation", "UserDataValidation.csproj", "{E6257179-5640-4445-9CA3-C38AE14FB49F}"
EndProject
Project("{FAE04EC0-301F-11D3-BF4B-00C04F79EFBC}") = "UserDataValidation.Tests", "..\UserDataValidation.Tests\UserDataValidation.Tests.csproj", "{2EF51DBF-0A62-4ACE-A172-12F80165F643}"
EndProject
Global
	GlobalSection(SolutionConfigurationPlatforms) = preSolution
		Debug|Any CPU = Debug|Any CPU
		Release|Any CPU = Release|Any CPU
	EndGlobalSection
	GlobalSection(ProjectConfigurationPlatforms) = postSolution
		{E6257179-5640-4445-9CA3-C38AE14FB49F}.Debug|Any CPU.ActiveCfg = Debug|Any CPU
		{E6257179-5640-4445-9CA3-C38AE14FB49F}.Debug|Any CPU.Build.0 = Debug|Any CPU
		{E6257179-5640-4445-9CA3-C38AE14FB49F}.Release|Any CPU.ActiveCfg = Release|Any CPU
		{E6257179-5640-4445-9CA3-C38AE14FB49F}.Release|Any CPU.Build.0 = Release|Any CPU
		{2EF51DBF-0A62-4ACE-A172-12F80165F643}.Debug|Any CPU.ActiveCfg = Debug|Any CPU
		{2EF51DBF-0A62-4ACE-A172-12F80165F643}.Debug|Any CPU.Build.0 = Debug|Any CPU
		{2EF51DBF-0A62-4ACE-A172-12F80165F643}.Release|Any CPU.ActiveCfg = Release|Any CPU
		{2EF51DBF-0A62-4ACE-A172-12F80165F643}.Release|Any CPU.Build.0 = Release|Any CPU
	EndGlobalSection
	GlobalSection(SolutionProperties) = preSolution
		HideSolutionNode = FALSE
	EndGlobalSection
	GlobalSection(ExtensibilityGlobals) = postSolution
		SolutionGuid = {92B94F7B-8582-4188-A0D4-5405ADD632EE}
	EndGlobalSection
EndGlobal
